
Microsoft Visual Studio Solution File, Format Version 12.00
# Visual Studio 15
VisualStudioVersion = 15.0.27428.2005
MinimumVisualStudioVersion = 10.0.40219.1
Project("{FAE04EC0-301F-11D3-BF4B-00C04F79EFBC}") = "AdamT_CodingHW", "AdamT_CodingHW\AdamT_CodingHW.csproj", "{8E84418B-488F-487A-9EAC-7027DD413574}"
EndProject
Project("{FAE04EC0-301F-11D3-BF4B-00C04F79EFBC}") = "AdamT_CodingHW.Tests", "AdamT_CodingHW.Tests\AdamT_CodingHW.Tests.csproj", "{86B0461C-987B-4B6B-9367-2E1F9103E743}"
EndProject
Project("{FAE04EC0-301F-11D3-BF4B-00C04F79EFBC}") = "AdamT_CodingHW.API", "AdamT_CodingHW.API\AdamT_CodingHW.API.csproj", "{3F241829-0BFB-4386-B1BB-CFC5888D28FD}"
EndProject
Project("{FAE04EC0-301F-11D3-BF4B-00C04F79EFBC}") = "AdamT_CodingHW.API.Tests", "AdamT_CodingHW.API.Tests\AdamT_CodingHW.API.Tests.csproj", "{14A32AEC-7F98-4E97-9A63-E44A18246255}"
EndProject
Global
	GlobalSection(SolutionConfigurationPlatforms) = preSolution
		Debug|Any CPU = Debug|Any CPU
		Release|Any CPU = Release|Any CPU
	EndGlobalSection
	GlobalSection(ProjectConfigurationPlatforms) = postSolution
		{8E84418B-488F-487A-9EAC-7027DD413574}.Debug|Any CPU.ActiveCfg = Debug|Any CPU
		{8E84418B-488F-487A-9EAC-7027DD413574}.Debug|Any CPU.Build.0 = Debug|Any CPU
		{8E84418B-488F-487A-9EAC-7027DD413574}.Release|Any CPU.ActiveCfg = Release|Any CPU
		{8E84418B-488F-487A-9EAC-7027DD413574}.Release|Any CPU.Build.0 = Release|Any CPU
		{86B0461C-987B-4B6B-9367-2E1F9103E743}.Debug|Any CPU.ActiveCfg = Debug|Any CPU
		{86B0461C-987B-4B6B-9367-2E1F9103E743}.Debug|Any CPU.Build.0 = Debug|Any CPU
		{86B0461C-987B-4B6B-9367-2E1F9103E743}.Release|Any CPU.ActiveCfg = Release|Any CPU
		{86B0461C-987B-4B6B-9367-2E1F9103E743}.Release|Any CPU.Build.0 = Release|Any CPU
		{3F241829-0BFB-4386-B1BB-CFC5888D28FD}.Debug|Any CPU.ActiveCfg = Debug|Any CPU
		{3F241829-0BFB-4386-B1BB-CFC5888D28FD}.Debug|Any CPU.Build.0 = Debug|Any CPU
		{3F241829-0BFB-4386-B1BB-CFC5888D28FD}.Release|Any CPU.ActiveCfg = Release|Any CPU
		{3F241829-0BFB-4386-B1BB-CFC5888D28FD}.Release|Any CPU.Build.0 = Release|Any CPU
		{14A32AEC-7F98-4E97-9A63-E44A18246255}.Debug|Any CPU.ActiveCfg = Debug|Any CPU
		{14A32AEC-7F98-4E97-9A63-E44A18246255}.Debug|Any CPU.Build.0 = Debug|Any CPU
		{14A32AEC-7F98-4E97-9A63-E44A18246255}.Release|Any CPU.ActiveCfg = Release|Any CPU
		{14A32AEC-7F98-4E97-9A63-E44A18246255}.Release|Any CPU.Build.0 = Release|Any CPU
	EndGlobalSection
	GlobalSection(SolutionProperties) = preSolution
		HideSolutionNode = FALSE
	EndGlobalSection
	GlobalSection(ExtensibilityGlobals) = postSolution
		SolutionGuid = {4C7A50EA-019A-4895-94FE-9507DA19AB1F}
	EndGlobalSection
EndGlobal
